// !$*UTF8*$!
{
	archiveVersion = 1;
	classes = {
	};
	objectVersion = 46;
	objects = {

/* Begin PBXBuildFile section */
		C9C643ED1C7C9E3200E04618 /* AppDelegate.swift in Sources */ = {isa = PBXBuildFile; fileRef = C9C643EC1C7C9E3200E04618 /* AppDelegate.swift */; };
		C9C643EF1C7C9E3200E04618 /* ViewController.swift in Sources */ = {isa = PBXBuildFile; fileRef = C9C643EE1C7C9E3200E04618 /* ViewController.swift */; };
		C9C643F21C7C9E3200E04618 /* Main.storyboard in Resources */ = {isa = PBXBuildFile; fileRef = C9C643F01C7C9E3200E04618 /* Main.storyboard */; };
		C9C643F41C7C9E3200E04618 /* Assets.xcassets in Resources */ = {isa = PBXBuildFile; fileRef = C9C643F31C7C9E3200E04618 /* Assets.xcassets */; };
		C9C643F71C7C9E3200E04618 /* LaunchScreen.storyboard in Resources */ = {isa = PBXBuildFile; fileRef = C9C643F51C7C9E3200E04618 /* LaunchScreen.storyboard */; };
		C9C643FF1C7CB7AC00E04618 /* beep.mp3 in Resources */ = {isa = PBXBuildFile; fileRef = C9C643FE1C7CB7AC00E04618 /* beep.mp3 */; };
/* End PBXBuildFile section */

/* Begin PBXFileReference section */
		C9C643E91C7C9E3200E04618 /* pizzaTimer.app */ = {isa = PBXFileReference; explicitFileType = wrapper.application; includeInIndex = 0; path = pizzaTimer.app; sourceTree = BUILT_PRODUCTS_DIR; };
		C9C643EC1C7C9E3200E04618 /* AppDelegate.swift */ = {isa = PBXFileReference; lastKnownFileType = sourcecode.swift; path = AppDelegate.swift; sourceTree = "<group>"; };
		C9C643EE1C7C9E3200E04618 /* ViewController.swift */ = {isa = PBXFileReference; lastKnownFileType = sourcecode.swift; path = ViewController.swift; sourceTree = "<group>"; };
		C9C643F11C7C9E3200E04618 /* Base */ = {isa = PBXFileReference; lastKnownFileType = file.storyboard; name = Base; path = Base.lproj/Main.storyboard; sourceTree = "<group>"; };
		C9C643F31C7C9E3200E04618 /* Assets.xcassets */ = {isa = PBXFileReference; lastKnownFileType = folder.assetcatalog; path = Assets.xcassets; sourceTree = "<group>"; };
		C9C643F61C7C9E3200E04618 /* Base */ = {isa = PBXFileReference; lastKnownFileType = file.storyboard; name = Base; path = Base.lproj/LaunchScreen.storyboard; sourceTree = "<group>"; };
		C9C643F81C7C9E3200E04618 /* Info.plist */ = {isa = PBXFileReference; lastKnownFileType = text.plist.xml; path = Info.plist; sourceTree = "<group>"; };
		C9C643FE1C7CB7AC00E04618 /* beep.mp3 */ = {isa = PBXFileReference; lastKnownFileType = audio.mp3; path = beep.mp3; sourceTree = "<group>"; };
/* End PBXFileReference section */

/* Begin PBXFrameworksBuildPhase section */
		C9C643E61C7C9E3200E04618 /* Frameworks */ = {
			isa = PBXFrameworksBuildPhase;
			buildActionMask = 2147483647;
			files = (
			);
			runOnlyForDeploymentPostprocessing = 0;
		};
/* End PBXFrameworksBuildPhase section */

/* Begin PBXGroup section */
		C9C643E01C7C9E3100E04618 = {
			isa = PBXGroup;
			children = (
				C9C643EB1C7C9E3200E04618 /* pizzaTimer */,
				C9C643EA1C7C9E3200E04618 /* Products */,
			);
			sourceTree = "<group>";
		};
		C9C643EA1C7C9E3200E04618 /* Products */ = {
			isa = PBXGroup;
			children = (
				C9C643E91C7C9E3200E04618 /* pizzaTimer.app */,
			);
			name = Products;
			sourceTree = "<group>";
		};
		C9C643EB1C7C9E3200E04618 /* pizzaTimer */ = {
			isa = PBXGroup;
			children = (
				C9C643EC1C7C9E3200E04618 /* AppDelegate.swift */,
				C9C643EE1C7C9E3200E04618 /* ViewController.swift */,
				C9C643F01C7C9E3200E04618 /* Main.storyboard */,
				C9C643F31C7C9E3200E04618 /* Assets.xcassets */,
				C9C643F51C7C9E3200E04618 /* LaunchScreen.storyboard */,
				C9C643F81C7C9E3200E04618 /* Info.plist */,
				C9C643FE1C7CB7AC00E04618 /* beep.mp3 */,
			);
			path = pizzaTimer;
			sourceTree = "<group>";
		};
/* End PBXGroup section */

/* Begin PBXNativeTarget section */
		C9C643E81C7C9E3200E04618 /* pizzaTimer */ = {
			isa = PBXNativeTarget;
			buildConfigurationList = C9C643FB1C7C9E3200E04618 /* Build configuration list for PBXNativeTarget "pizzaTimer" */;
			buildPhases = (
				C9C643E51C7C9E3200E04618 /* Sources */,
				C9C643E61C7C9E3200E04618 /* Frameworks */,
				C9C643E71C7C9E3200E04618 /* Resources */,
			);
			buildRules = (
			);
			dependencies = (
			);
			name = pizzaTimer;
			productName = pizzaTimer;
			productReference = C9C643E91C7C9E3200E04618 /* pizzaTimer.app */;
			productType = "com.apple.product-type.application";
		};
/* End PBXNativeTarget section */

/* Begin PBXProject section */
		C9C643E11C7C9E3100E04618 /* Project object */ = {
			isa = PBXProject;
			attributes = {
				LastSwiftUpdateCheck = 0720;
				LastUpgradeCheck = 0720;
				ORGANIZATIONNAME = Vento;
				TargetAttributes = {
					C9C643E81C7C9E3200E04618 = {
						CreatedOnToolsVersion = 7.2.1;
					};
				};
			};
			buildConfigurationList = C9C643E41C7C9E3100E04618 /* Build configuration list for PBXProject "pizzaTimer" */;
			compatibilityVersion = "Xcode 3.2";
			developmentRegion = English;
			hasScannedForEncodings = 0;
			knownRegions = (
				en,
				Base,
			);
			mainGroup = C9C643E01C7C9E3100E04618;
			productRefGroup = C9C643EA1C7C9E3200E04618 /* Products */;
			projectDirPath = "";
			projectRoot = "";
			targets = (
				C9C643E81C7C9E3200E04618 /* pizzaTimer */,
			);
		};
/* End PBXProject section */

/* Begin PBXResourcesBuildPhase section */
		C9C643E71C7C9E3200E04618 /* Resources */ = {
			isa = PBXResourcesBuildPhase;
			buildActionMask = 2147483647;
			files = (
				C9C643F71C7C9E3200E04618 /* LaunchScreen.storyboard in Resources */,
				C9C643F41C7C9E3200E04618 /* Assets.xcassets in Resources */,
				C9C643FF1C7CB7AC00E04618 /* beep.mp3 in Resources */,
				C9C643F21C7C9E3200E04618 /* Main.storyboard in Resources */,
			);
			runOnlyForDeploymentPostprocessing = 0;
		};
/* End PBXResourcesBuildPhase section */

/* Begin PBXSourcesBuildPhase section */
		C9C643E51C7C9E3200E04618 /* Sources */ = {
			isa = PBXSourcesBuildPhase;
			buildActionMask = 2147483647;
			files = (
				C9C643EF1C7C9E3200E04618 /* ViewController.swift in Sources */,
				C9C643ED1C7C9E3200E04618 /* AppDelegate.swift in Sources */,
			);
			runOnlyForDeploymentPostprocessing = 0;
		};
/* End PBXSourcesBuildPhase section */

/* Begin PBXVariantGroup section */
		C9C643F01C7C9E3200E04618 /* Main.storyboard */ = {
			isa = PBXVariantGroup;
			children = (
				C9C643F11C7C9E3200E04618 /* Base */,
			);
			name = Main.storyboard;
			sourceTree = "<group>";
		};
		C9C643F51C7C9E3200E04618 /* LaunchScreen.storyboard */ = {
			isa = PBXVariantGroup;
			children = (
				C9C643F61C7C9E3200E04618 /* Base */,
			);
			name = LaunchScreen.storyboard;
			sourceTree = "<group>";
		};
/* End PBXVariantGroup section */

/* Begin XCBuildConfiguration section */
		C9C643F91C7C9E3200E04618 /* Debug */ = {
			isa = XCBuildConfiguration;
			buildSettings = {
				ALWAYS_SEARCH_USER_PATHS = NO;
				CLANG_CXX_LANGUAGE_STANDARD = "gnu++0x";
				CLANG_CXX_LIBRARY = "libc++";
				CLANG_ENABLE_MODULES = YES;
				CLANG_ENABLE_OBJC_ARC = YES;
				CLANG_WARN_BOOL_CONVERSION = YES;
				CLANG_WARN_CONSTANT_CONVERSION = YES;
				CLANG_WARN_DIRECT_OBJC_ISA_USAGE = YES_ERROR;
				CLANG_WARN_EMPTY_BODY = YES;
				CLANG_WARN_ENUM_CONVERSION = YES;
				CLANG_WARN_INT_CONVERSION = YES;
				CLANG_WARN_OBJC_ROOT_CLASS = YES_ERROR;
				CLANG_WARN_UNREACHABLE_CODE = YES;
				CLANG_WARN__DUPLICATE_METHOD_MATCH = YES;
				"CODE_SIGN_IDENTITY[sdk=iphoneos*]" = "iPhone Developer";
				COPY_PHASE_STRIP = NO;
				DEBUG_INFORMATION_FORMAT = dwarf;
				ENABLE_STRICT_OBJC_MSGSEND = YES;
				ENABLE_TESTABILITY = YES;
				GCC_C_LANGUAGE_STANDARD = gnu99;
				GCC_DYNAMIC_NO_PIC = NO;
				GCC_NO_COMMON_BLOCKS = YES;
				GCC_OPTIMIZATION_LEVEL = 0;
				GCC_PREPROCESSOR_DEFINITIONS = (
					"DEBUG=1",
					"$(inherited)",
				);
				GCC_WARN_64_TO_32_BIT_CONVERSION = YES;
				GCC_WARN_ABOUT_RETURN_TYPE = YES_ERROR;
				GCC_WARN_UNDECLARED_SELECTOR = YES;
				GCC_WARN_UNINITIALIZED_AUTOS = YES_AGGRESSIVE;
				GCC_WARN_UNUSED_FUNCTION = YES;
				GCC_WARN_UNUSED_VARIABLE = YES;
				IPHONEOS_DEPLOYMENT_TARGET = 9.2;
				MTL_ENABLE_DEBUG_INFO = YES;
				ONLY_ACTIVE_ARCH = YES;
				SDKROOT = iphoneos;
				SWIFT_OPTIMIZATION_LEVEL = "-Onone";
			};
			name = Debug;
		};
		C9C643FA1C7C9E3200E04618 /* Release */ = {
			isa = XCBuildConfiguration;
			buildSettings = {
				ALWAYS_SEARCH_USER_PATHS = NO;
				CLANG_CXX_LANGUAGE_STANDARD = "gnu++0x";
				CLANG_CXX_LIBRARY = "libc++";
				CLANG_ENABLE_MODULES = YES;
				CLANG_ENABLE_OBJC_ARC = YES;
				CLANG_WARN_BOOL_CONVERSION = YES;
				CLANG_WARN_CONSTANT_CONVERSION = YES;
				CLANG_WARN_DIRECT_OBJC_ISA_USAGE = YES_ERROR;
				CLANG_WARN_EMPTY_BODY = YES;
				CLANG_WARN_ENUM_CONVERSION = YES;
				CLANG_WARN_INT_CONVERSION = YES;
				CLANG_WARN_OBJC_ROOT_CLASS = YES_ERROR;
				CLANG_WARN_UNREACHABLE_CODE = YES;
				CLANG_WARN__DUPLICATE_METHOD_MATCH = YES;
				"CODE_SIGN_IDENTITY[sdk=iphoneos*]" = "iPhone Developer";
				COPY_PHASE_STRIP = NO;
				DEBUG_INFORMATION_FORMAT = "dwarf-with-dsym";
				ENABLE_NS_ASSERTIONS = NO;
				ENABLE_STRICT_OBJC_MSGSEND = YES;
				GCC_C_LANGUAGE_STANDARD = gnu99;
				GCC_NO_COMMON_BLOCKS = YES;
				GCC_WARN_64_TO_32_BIT_CONVERSION = YES;
				GCC_WARN_ABOUT_RETURN_TYPE = YES_ERROR;
				GCC_WARN_UNDECLARED_SELECTOR = YES;
				GCC_WARN_UNINITIALIZED_AUTOS = YES_AGGRESSIVE;
				GCC_WARN_UNUSED_FUNCTION = YES;
				GCC_WARN_UNUSED_VARIABLE = YES;
				IPHONEOS_DEPLOYMENT_TARGET = 9.2;
				MTL_ENABLE_DEBUG_INFO = NO;
				SDKROOT = iphoneos;
				VALIDATE_PRODUCT = YES;
			};
			name = Release;
		};
		C9C643FC1C7C9E3200E04618 /* Debug */ = {
			isa = XCBuildConfiguration;
			buildSettings = {
				ASSETCATALOG_COMPILER_APPICON_NAME = AppIcon;
				INFOPLIST_FILE = pizzaTimer/Info.plist;
				LD_RUNPATH_SEARCH_PATHS = "$(inherited) @executable_path/Frameworks";
				PRODUCT_BUNDLE_IDENTIFIER = self.edu.dustin.pizzaTimer;
				PRODUCT_NAME = "$(TARGET_NAME)";
			};
			name = Debug;
		};
		C9C643FD1C7C9E3200E04618 /* Release */ = {
			isa = XCBuildConfiguration;
			buildSettings = {
				ASSETCATALOG_COMPILER_APPICON_NAME = AppIcon;
				INFOPLIST_FILE = pizzaTimer/Info.plist;
				LD_RUNPATH_SEARCH_PATHS = "$(inherited) @executable_path/Frameworks";
				PRODUCT_BUNDLE_IDENTIFIER = self.edu.dustin.pizzaTimer;
				PRODUCT_NAME = "$(TARGET_NAME)";
			};
			name = Release;
		};
/* End XCBuildConfiguration section */

/* Begin XCConfigurationList section */
		C9C643E41C7C9E3100E04618 /* Build configuration list for PBXProject "pizzaTimer" */ = {
			isa = XCConfigurationList;
			buildConfigurations = (
				C9C643F91C7C9E3200E04618 /* Debug */,
				C9C643FA1C7C9E3200E04618 /* Release */,
			);
			defaultConfigurationIsVisible = 0;
			defaultConfigurationName = Release;
		};
		C9C643FB1C7C9E3200E04618 /* Build configuration list for PBXNativeTarget "pizzaTimer" */ = {
			isa = XCConfigurationList;
			buildConfigurations = (
				C9C643FC1C7C9E3200E04618 /* Debug */,
				C9C643FD1C7C9E3200E04618 /* Release */,
			);
			defaultConfigurationIsVisible = 0;
		};
/* End XCConfigurationList section */
	};
	rootObject = C9C643E11C7C9E3100E04618 /* Project object */;
}
